// !$*UTF8*$!
{
	archiveVersion = 1;
	classes = {
	};
	objectVersion = 55;
	objects = {

/* Begin PBXBuildFile section */
		8C9528017AC0033475B62204 /* Pods_MRCRWidget_Example_Objc.framework in Frameworks */ = {isa = PBXBuildFile; fileRef = DA7B1D1645454F0C52D18B49 /* Pods_MRCRWidget_Example_Objc.framework */; };
		8F6A230F27B28F7D005F8AC3 /* AppDelegate.m in Sources */ = {isa = PBXBuildFile; fileRef = 8F6A230E27B28F7D005F8AC3 /* AppDelegate.m */; };
		8F6A231227B28F7D005F8AC3 /* SceneDelegate.m in Sources */ = {isa = PBXBuildFile; fileRef = 8F6A231127B28F7D005F8AC3 /* SceneDelegate.m */; };
		8F6A231527B28F7D005F8AC3 /* ViewController.m in Sources */ = {isa = PBXBuildFile; fileRef = 8F6A231427B28F7D005F8AC3 /* ViewController.m */; };
		8F6A231827B28F7D005F8AC3 /* Main.storyboard in Resources */ = {isa = PBXBuildFile; fileRef = 8F6A231627B28F7D005F8AC3 /* Main.storyboard */; };
		8F6A231A27B28F7F005F8AC3 /* Assets.xcassets in Resources */ = {isa = PBXBuildFile; fileRef = 8F6A231927B28F7F005F8AC3 /* Assets.xcassets */; };
		8F6A231D27B28F7F005F8AC3 /* LaunchScreen.storyboard in Resources */ = {isa = PBXBuildFile; fileRef = 8F6A231B27B28F7F005F8AC3 /* LaunchScreen.storyboard */; };
		8F6A232027B28F7F005F8AC3 /* main.m in Sources */ = {isa = PBXBuildFile; fileRef = 8F6A231F27B28F7F005F8AC3 /* main.m */; };
/* End PBXBuildFile section */

/* Begin PBXFileReference section */
		23F6B695C6FF2919B2AC97A0 /* Pods-MRCRWidget-Example-Objc.debug.xcconfig */ = {isa = PBXFileReference; includeInIndex = 1; lastKnownFileType = text.xcconfig; name = "Pods-MRCRWidget-Example-Objc.debug.xcconfig"; path = "Target Support Files/Pods-MRCRWidget-Example-Objc/Pods-MRCRWidget-Example-Objc.debug.xcconfig"; sourceTree = "<group>"; };
		7A0B3004411FACF93BF55315 /* Pods-MRCRWidget-Example-Objc.release.xcconfig */ = {isa = PBXFileReference; includeInIndex = 1; lastKnownFileType = text.xcconfig; name = "Pods-MRCRWidget-Example-Objc.release.xcconfig"; path = "Target Support Files/Pods-MRCRWidget-Example-Objc/Pods-MRCRWidget-Example-Objc.release.xcconfig"; sourceTree = "<group>"; };
		8F6A230A27B28F7D005F8AC3 /* MRCRWidget-Example-Objc.app */ = {isa = PBXFileReference; explicitFileType = wrapper.application; includeInIndex = 0; path = "MRCRWidget-Example-Objc.app"; sourceTree = BUILT_PRODUCTS_DIR; };
		8F6A230D27B28F7D005F8AC3 /* AppDelegate.h */ = {isa = PBXFileReference; lastKnownFileType = sourcecode.c.h; path = AppDelegate.h; sourceTree = "<group>"; };
		8F6A230E27B28F7D005F8AC3 /* AppDelegate.m */ = {isa = PBXFileReference; lastKnownFileType = sourcecode.c.objc; path = AppDelegate.m; sourceTree = "<group>"; };
		8F6A231027B28F7D005F8AC3 /* SceneDelegate.h */ = {isa = PBXFileReference; lastKnownFileType = sourcecode.c.h; path = SceneDelegate.h; sourceTree = "<group>"; };
		8F6A231127B28F7D005F8AC3 /* SceneDelegate.m */ = {isa = PBXFileReference; lastKnownFileType = sourcecode.c.objc; path = SceneDelegate.m; sourceTree = "<group>"; };
		8F6A231327B28F7D005F8AC3 /* ViewController.h */ = {isa = PBXFileReference; lastKnownFileType = sourcecode.c.h; path = ViewController.h; sourceTree = "<group>"; };
		8F6A231427B28F7D005F8AC3 /* ViewController.m */ = {isa = PBXFileReference; lastKnownFileType = sourcecode.c.objc; path = ViewController.m; sourceTree = "<group>"; };
		8F6A231727B28F7D005F8AC3 /* Base */ = {isa = PBXFileReference; lastKnownFileType = file.storyboard; name = Base; path = Base.lproj/Main.storyboard; sourceTree = "<group>"; };
		8F6A231927B28F7F005F8AC3 /* Assets.xcassets */ = {isa = PBXFileReference; lastKnownFileType = folder.assetcatalog; path = Assets.xcassets; sourceTree = "<group>"; };
		8F6A231C27B28F7F005F8AC3 /* Base */ = {isa = PBXFileReference; lastKnownFileType = file.storyboard; name = Base; path = Base.lproj/LaunchScreen.storyboard; sourceTree = "<group>"; };
		8F6A231E27B28F7F005F8AC3 /* Info.plist */ = {isa = PBXFileReference; lastKnownFileType = text.plist.xml; path = Info.plist; sourceTree = "<group>"; };
		8F6A231F27B28F7F005F8AC3 /* main.m */ = {isa = PBXFileReference; lastKnownFileType = sourcecode.c.objc; path = main.m; sourceTree = "<group>"; };
		DA7B1D1645454F0C52D18B49 /* Pods_MRCRWidget_Example_Objc.framework */ = {isa = PBXFileReference; explicitFileType = wrapper.framework; includeInIndex = 0; path = Pods_MRCRWidget_Example_Objc.framework; sourceTree = BUILT_PRODUCTS_DIR; };
/* End PBXFileReference section */

/* Begin PBXFrameworksBuildPhase section */
		8F6A230727B28F7D005F8AC3 /* Frameworks */ = {
			isa = PBXFrameworksBuildPhase;
			buildActionMask = 2147483647;
			files = (
				8C9528017AC0033475B62204 /* Pods_MRCRWidget_Example_Objc.framework in Frameworks */,
			);
			runOnlyForDeploymentPostprocessing = 0;
		};
/* End PBXFrameworksBuildPhase section */

/* Begin PBXGroup section */
		18E41A72F3E2EAA6D770BD32 /* Pods */ = {
			isa = PBXGroup;
			children = (
				23F6B695C6FF2919B2AC97A0 /* Pods-MRCRWidget-Example-Objc.debug.xcconfig */,
				7A0B3004411FACF93BF55315 /* Pods-MRCRWidget-Example-Objc.release.xcconfig */,
			);
			path = Pods;
			sourceTree = "<group>";
		};
		8F6A230127B28F7D005F8AC3 = {
			isa = PBXGroup;
			children = (
				8F6A230C27B28F7D005F8AC3 /* MRCRWidget-Example-Objc */,
				8F6A230B27B28F7D005F8AC3 /* Products */,
				18E41A72F3E2EAA6D770BD32 /* Pods */,
				CF63B6A71C47570F70915ADB /* Frameworks */,
			);
			sourceTree = "<group>";
		};
		8F6A230B27B28F7D005F8AC3 /* Products */ = {
			isa = PBXGroup;
			children = (
				8F6A230A27B28F7D005F8AC3 /* MRCRWidget-Example-Objc.app */,
			);
			name = Products;
			sourceTree = "<group>";
		};
		8F6A230C27B28F7D005F8AC3 /* MRCRWidget-Example-Objc */ = {
			isa = PBXGroup;
			children = (
				8F6A230D27B28F7D005F8AC3 /* AppDelegate.h */,
				8F6A230E27B28F7D005F8AC3 /* AppDelegate.m */,
				8F6A231027B28F7D005F8AC3 /* SceneDelegate.h */,
				8F6A231127B28F7D005F8AC3 /* SceneDelegate.m */,
				8F6A231327B28F7D005F8AC3 /* ViewController.h */,
				8F6A231427B28F7D005F8AC3 /* ViewController.m */,
				8F6A231627B28F7D005F8AC3 /* Main.storyboard */,
				8F6A231927B28F7F005F8AC3 /* Assets.xcassets */,
				8F6A231B27B28F7F005F8AC3 /* LaunchScreen.storyboard */,
				8F6A231E27B28F7F005F8AC3 /* Info.plist */,
				8F6A231F27B28F7F005F8AC3 /* main.m */,
			);
			path = "MRCRWidget-Example-Objc";
			sourceTree = "<group>";
		};
		CF63B6A71C47570F70915ADB /* Frameworks */ = {
			isa = PBXGroup;
			children = (
				DA7B1D1645454F0C52D18B49 /* Pods_MRCRWidget_Example_Objc.framework */,
			);
			name = Frameworks;
			sourceTree = "<group>";
		};
/* End PBXGroup section */

/* Begin PBXNativeTarget section */
		8F6A230927B28F7D005F8AC3 /* MRCRWidget-Example-Objc */ = {
			isa = PBXNativeTarget;
			buildConfigurationList = 8F6A232327B28F7F005F8AC3 /* Build configuration list for PBXNativeTarget "MRCRWidget-Example-Objc" */;
			buildPhases = (
				F6752189198060860426C34B /* [CP] Check Pods Manifest.lock */,
				8F6A230627B28F7D005F8AC3 /* Sources */,
				8F6A230727B28F7D005F8AC3 /* Frameworks */,
				8F6A230827B28F7D005F8AC3 /* Resources */,
				079D9E9FC248E32285CFFA63 /* [CP] Embed Pods Frameworks */,
			);
			buildRules = (
			);
			dependencies = (
			);
			name = "MRCRWidget-Example-Objc";
			productName = "MRCRWidget-Example-Objc";
			productReference = 8F6A230A27B28F7D005F8AC3 /* MRCRWidget-Example-Objc.app */;
			productType = "com.apple.product-type.application";
		};
/* End PBXNativeTarget section */

/* Begin PBXProject section */
		8F6A230227B28F7D005F8AC3 /* Project object */ = {
			isa = PBXProject;
			attributes = {
				BuildIndependentTargetsInParallel = 1;
				LastUpgradeCheck = 1320;
				TargetAttributes = {
					8F6A230927B28F7D005F8AC3 = {
						CreatedOnToolsVersion = 13.2.1;
					};
				};
			};
			buildConfigurationList = 8F6A230527B28F7D005F8AC3 /* Build configuration list for PBXProject "MRCRWidget-Example-Objc" */;
			compatibilityVersion = "Xcode 13.0";
			developmentRegion = en;
			hasScannedForEncodings = 0;
			knownRegions = (
				en,
				Base,
			);
			mainGroup = 8F6A230127B28F7D005F8AC3;
			productRefGroup = 8F6A230B27B28F7D005F8AC3 /* Products */;
			projectDirPath = "";
			projectRoot = "";
			targets = (
				8F6A230927B28F7D005F8AC3 /* MRCRWidget-Example-Objc */,
			);
		};
/* End PBXProject section */

/* Begin PBXResourcesBuildPhase section */
		8F6A230827B28F7D005F8AC3 /* Resources */ = {
			isa = PBXResourcesBuildPhase;
			buildActionMask = 2147483647;
			files = (
				8F6A231D27B28F7F005F8AC3 /* LaunchScreen.storyboard in Resources */,
				8F6A231A27B28F7F005F8AC3 /* Assets.xcassets in Resources */,
				8F6A231827B28F7D005F8AC3 /* Main.storyboard in Resources */,
			);
			runOnlyForDeploymentPostprocessing = 0;
		};
/* End PBXResourcesBuildPhase section */

/* Begin PBXShellScriptBuildPhase section */
		079D9E9FC248E32285CFFA63 /* [CP] Embed Pods Frameworks */ = {
			isa = PBXShellScriptBuildPhase;
			buildActionMask = 2147483647;
			files = (
			);
			inputFileListPaths = (
				"${PODS_ROOT}/Target Support Files/Pods-MRCRWidget-Example-Objc/Pods-MRCRWidget-Example-Objc-frameworks-${CONFIGURATION}-input-files.xcfilelist",
			);
			name = "[CP] Embed Pods Frameworks";
			outputFileListPaths = (
				"${PODS_ROOT}/Target Support Files/Pods-MRCRWidget-Example-Objc/Pods-MRCRWidget-Example-Objc-frameworks-${CONFIGURATION}-output-files.xcfilelist",
			);
			runOnlyForDeploymentPostprocessing = 0;
			shellPath = /bin/sh;
			shellScript = "\"${PODS_ROOT}/Target Support Files/Pods-MRCRWidget-Example-Objc/Pods-MRCRWidget-Example-Objc-frameworks.sh\"\n";
			showEnvVarsInLog = 0;
		};
		F6752189198060860426C34B /* [CP] Check Pods Manifest.lock */ = {
			isa = PBXShellScriptBuildPhase;
			buildActionMask = 2147483647;
			files = (
			);
			inputFileListPaths = (
			);
			inputPaths = (
				"${PODS_PODFILE_DIR_PATH}/Podfile.lock",
				"${PODS_ROOT}/Manifest.lock",
			);
			name = "[CP] Check Pods Manifest.lock";
			outputFileListPaths = (
			);
			outputPaths = (
				"$(DERIVED_FILE_DIR)/Pods-MRCRWidget-Example-Objc-checkManifestLockResult.txt",
			);
			runOnlyForDeploymentPostprocessing = 0;
			shellPath = /bin/sh;
			shellScript = "diff \"${PODS_PODFILE_DIR_PATH}/Podfile.lock\" \"${PODS_ROOT}/Manifest.lock\" > /dev/null\nif [ $? != 0 ] ; then\n    # print error to STDERR\n    echo \"error: The sandbox is not in sync with the Podfile.lock. Run 'pod install' or update your CocoaPods installation.\" >&2\n    exit 1\nfi\n# This output is used by Xcode 'outputs' to avoid re-running this script phase.\necho \"SUCCESS\" > \"${SCRIPT_OUTPUT_FILE_0}\"\n";
			showEnvVarsInLog = 0;
		};
/* End PBXShellScriptBuildPhase section */

/* Begin PBXSourcesBuildPhase section */
		8F6A230627B28F7D005F8AC3 /* Sources */ = {
			isa = PBXSourcesBuildPhase;
			buildActionMask = 2147483647;
			files = (
				8F6A231527B28F7D005F8AC3 /* ViewController.m in Sources */,
				8F6A230F27B28F7D005F8AC3 /* AppDelegate.m in Sources */,
				8F6A232027B28F7F005F8AC3 /* main.m in Sources */,
				8F6A231227B28F7D005F8AC3 /* SceneDelegate.m in Sources */,
			);
			runOnlyForDeploymentPostprocessing = 0;
		};
/* End PBXSourcesBuildPhase section */

/* Begin PBXVariantGroup section */
		8F6A231627B28F7D005F8AC3 /* Main.storyboard */ = {
			isa = PBXVariantGroup;
			children = (
				8F6A231727B28F7D005F8AC3 /* Base */,
			);
			name = Main.storyboard;
			sourceTree = "<group>";
		};
		8F6A231B27B28F7F005F8AC3 /* LaunchScreen.storyboard */ = {
			isa = PBXVariantGroup;
			children = (
				8F6A231C27B28F7F005F8AC3 /* Base */,
			);
			name = LaunchScreen.storyboard;
			sourceTree = "<group>";
		};
/* End PBXVariantGroup section */

/* Begin XCBuildConfiguration section */
		8F6A232127B28F7F005F8AC3 /* Debug */ = {
			isa = XCBuildConfiguration;
			buildSettings = {
				ALWAYS_SEARCH_USER_PATHS = NO;
				CLANG_ANALYZER_NONNULL = YES;
				CLANG_ANALYZER_NUMBER_OBJECT_CONVERSION = YES_AGGRESSIVE;
				CLANG_CXX_LANGUAGE_STANDARD = "gnu++17";
				CLANG_CXX_LIBRARY = "libc++";
				CLANG_ENABLE_MODULES = YES;
				CLANG_ENABLE_OBJC_ARC = YES;
				CLANG_ENABLE_OBJC_WEAK = YES;
				CLANG_WARN_BLOCK_CAPTURE_AUTORELEASING = YES;
				CLANG_WARN_BOOL_CONVERSION = YES;
				CLANG_WARN_COMMA = YES;
				CLANG_WARN_CONSTANT_CONVERSION = YES;
				CLANG_WARN_DEPRECATED_OBJC_IMPLEMENTATIONS = YES;
				CLANG_WARN_DIRECT_OBJC_ISA_USAGE = YES_ERROR;
				CLANG_WARN_DOCUMENTATION_COMMENTS = YES;
				CLANG_WARN_EMPTY_BODY = YES;
				CLANG_WARN_ENUM_CONVERSION = YES;
				CLANG_WARN_INFINITE_RECURSION = YES;
				CLANG_WARN_INT_CONVERSION = YES;
				CLANG_WARN_NON_LITERAL_NULL_CONVERSION = YES;
				CLANG_WARN_OBJC_IMPLICIT_RETAIN_SELF = YES;
				CLANG_WARN_OBJC_LITERAL_CONVERSION = YES;
				CLANG_WARN_OBJC_ROOT_CLASS = YES_ERROR;
				CLANG_WARN_QUOTED_INCLUDE_IN_FRAMEWORK_HEADER = YES;
				CLANG_WARN_RANGE_LOOP_ANALYSIS = YES;
				CLANG_WARN_STRICT_PROTOTYPES = YES;
				CLANG_WARN_SUSPICIOUS_MOVE = YES;
				CLANG_WARN_UNGUARDED_AVAILABILITY = YES_AGGRESSIVE;
				CLANG_WARN_UNREACHABLE_CODE = YES;
				CLANG_WARN__DUPLICATE_METHOD_MATCH = YES;
				COPY_PHASE_STRIP = NO;
				DEBUG_INFORMATION_FORMAT = dwarf;
				ENABLE_STRICT_OBJC_MSGSEND = YES;
				ENABLE_TESTABILITY = YES;
				GCC_C_LANGUAGE_STANDARD = gnu11;
				GCC_DYNAMIC_NO_PIC = NO;
				GCC_NO_COMMON_BLOCKS = YES;
				GCC_OPTIMIZATION_LEVEL = 0;
				GCC_PREPROCESSOR_DEFINITIONS = (
					"DEBUG=1",
					"$(inherited)",
				);
				GCC_WARN_64_TO_32_BIT_CONVERSION = YES;
				GCC_WARN_ABOUT_RETURN_TYPE = YES_ERROR;
				GCC_WARN_UNDECLARED_SELECTOR = YES;
				GCC_WARN_UNINITIALIZED_AUTOS = YES_AGGRESSIVE;
				GCC_WARN_UNUSED_FUNCTION = YES;
				GCC_WARN_UNUSED_VARIABLE = YES;
				IPHONEOS_DEPLOYMENT_TARGET = 15.2;
				MTL_ENABLE_DEBUG_INFO = INCLUDE_SOURCE;
				MTL_FAST_MATH = YES;
				ONLY_ACTIVE_ARCH = YES;
				SDKROOT = iphoneos;
			};
			name = Debug;
		};
		8F6A232227B28F7F005F8AC3 /* Release */ = {
			isa = XCBuildConfiguration;
			buildSettings = {
				ALWAYS_SEARCH_USER_PATHS = NO;
				CLANG_ANALYZER_NONNULL = YES;
				CLANG_ANALYZER_NUMBER_OBJECT_CONVERSION = YES_AGGRESSIVE;
				CLANG_CXX_LANGUAGE_STANDARD = "gnu++17";
				CLANG_CXX_LIBRARY = "libc++";
				CLANG_ENABLE_MODULES = YES;
				CLANG_ENABLE_OBJC_ARC = YES;
				CLANG_ENABLE_OBJC_WEAK = YES;
				CLANG_WARN_BLOCK_CAPTURE_AUTORELEASING = YES;
				CLANG_WARN_BOOL_CONVERSION = YES;
				CLANG_WARN_COMMA = YES;
				CLANG_WARN_CONSTANT_CONVERSION = YES;
				CLANG_WARN_DEPRECATED_OBJC_IMPLEMENTATIONS = YES;
				CLANG_WARN_DIRECT_OBJC_ISA_USAGE = YES_ERROR;
				CLANG_WARN_DOCUMENTATION_COMMENTS = YES;
				CLANG_WARN_EMPTY_BODY = YES;
				CLANG_WARN_ENUM_CONVERSION = YES;
				CLANG_WARN_INFINITE_RECURSION = YES;
				CLANG_WARN_INT_CONVERSION = YES;
				CLANG_WARN_NON_LITERAL_NULL_CONVERSION = YES;
				CLANG_WARN_OBJC_IMPLICIT_RETAIN_SELF = YES;
				CLANG_WARN_OBJC_LITERAL_CONVERSION = YES;
				CLANG_WARN_OBJC_ROOT_CLASS = YES_ERROR;
				CLANG_WARN_QUOTED_INCLUDE_IN_FRAMEWORK_HEADER = YES;
				CLANG_WARN_RANGE_LOOP_ANALYSIS = YES;
				CLANG_WARN_STRICT_PROTOTYPES = YES;
				CLANG_WARN_SUSPICIOUS_MOVE = YES;
				CLANG_WARN_UNGUARDED_AVAILABILITY = YES_AGGRESSIVE;
				CLANG_WARN_UNREACHABLE_CODE = YES;
				CLANG_WARN__DUPLICATE_METHOD_MATCH = YES;
				COPY_PHASE_STRIP = NO;
				DEBUG_INFORMATION_FORMAT = "dwarf-with-dsym";
				ENABLE_NS_ASSERTIONS = NO;
				ENABLE_STRICT_OBJC_MSGSEND = YES;
				GCC_C_LANGUAGE_STANDARD = gnu11;
				GCC_NO_COMMON_BLOCKS = YES;
				GCC_WARN_64_TO_32_BIT_CONVERSION = YES;
				GCC_WARN_ABOUT_RETURN_TYPE = YES_ERROR;
				GCC_WARN_UNDECLARED_SELECTOR = YES;
				GCC_WARN_UNINITIALIZED_AUTOS = YES_AGGRESSIVE;
				GCC_WARN_UNUSED_FUNCTION = YES;
				GCC_WARN_UNUSED_VARIABLE = YES;
				IPHONEOS_DEPLOYMENT_TARGET = 15.2;
				MTL_ENABLE_DEBUG_INFO = NO;
				MTL_FAST_MATH = YES;
				SDKROOT = iphoneos;
				VALIDATE_PRODUCT = YES;
			};
			name = Release;
		};
		8F6A232427B28F7F005F8AC3 /* Debug */ = {
			isa = XCBuildConfiguration;
			baseConfigurationReference = 23F6B695C6FF2919B2AC97A0 /* Pods-MRCRWidget-Example-Objc.debug.xcconfig */;
			buildSettings = {
				ASSETCATALOG_COMPILER_APPICON_NAME = AppIcon;
				ASSETCATALOG_COMPILER_GLOBAL_ACCENT_COLOR_NAME = AccentColor;
				CODE_SIGN_STYLE = Automatic;
				CURRENT_PROJECT_VERSION = 1;
				DEVELOPMENT_TEAM = "";
				GENERATE_INFOPLIST_FILE = YES;
				INFOPLIST_FILE = "MRCRWidget-Example-Objc/Info.plist";
				INFOPLIST_KEY_NSCameraUsageDescription = "Example camera usage description";
				INFOPLIST_KEY_NSPhotoLibraryUsageDescription = "Example photo library usage description";
				INFOPLIST_KEY_UIApplicationSupportsIndirectInputEvents = YES;
				INFOPLIST_KEY_UILaunchStoryboardName = LaunchScreen;
				INFOPLIST_KEY_UIMainStoryboardFile = Main;
				INFOPLIST_KEY_UISupportedInterfaceOrientations_iPad = "UIInterfaceOrientationPortrait UIInterfaceOrientationPortraitUpsideDown UIInterfaceOrientationLandscapeLeft UIInterfaceOrientationLandscapeRight";
				INFOPLIST_KEY_UISupportedInterfaceOrientations_iPhone = "UIInterfaceOrientationPortrait UIInterfaceOrientationLandscapeLeft UIInterfaceOrientationLandscapeRight";
				IPHONEOS_DEPLOYMENT_TARGET = 9.0;
				LD_RUNPATH_SEARCH_PATHS = (
					"$(inherited)",
					"@executable_path/Frameworks",
				);
				MARKETING_VERSION = 1.0;
				PRODUCT_BUNDLE_IDENTIFIER = "io.mercuryo.widget.MRCRWidget-Example-Objc.MRCRWidget-Example-Objc";
				PRODUCT_NAME = "$(TARGET_NAME)";
				SWIFT_EMIT_LOC_STRINGS = YES;
				TARGETED_DEVICE_FAMILY = 1;
			};
			name = Debug;
		};
		8F6A232527B28F7F005F8AC3 /* Release */ = {
			isa = XCBuildConfiguration;
			baseConfigurationReference = 7A0B3004411FACF93BF55315 /* Pods-MRCRWidget-Example-Objc.release.xcconfig */;
			buildSettings = {
				ASSETCATALOG_COMPILER_APPICON_NAME = AppIcon;
				ASSETCATALOG_COMPILER_GLOBAL_ACCENT_COLOR_NAME = AccentColor;
				CODE_SIGN_STYLE = Automatic;
				CURRENT_PROJECT_VERSION = 1;
				DEVELOPMENT_TEAM = "";
				GENERATE_INFOPLIST_FILE = YES;
				INFOPLIST_FILE = "MRCRWidget-Example-Objc/Info.plist";
				INFOPLIST_KEY_NSCameraUsageDescription = "Example camera usage description";
				INFOPLIST_KEY_NSPhotoLibraryUsageDescription = "Example photo library usage description";
				INFOPLIST_KEY_UIApplicationSupportsIndirectInputEvents = YES;
				INFOPLIST_KEY_UILaunchStoryboardName = LaunchScreen;
				INFOPLIST_KEY_UIMainStoryboardFile = Main;
				INFOPLIST_KEY_UISupportedInterfaceOrientations_iPad = "UIInterfaceOrientationPortrait UIInterfaceOrientationPortraitUpsideDown UIInterfaceOrientationLandscapeLeft UIInterfaceOrientationLandscapeRight";
				INFOPLIST_KEY_UISupportedInterfaceOrientations_iPhone = "UIInterfaceOrientationPortrait UIInterfaceOrientationLandscapeLeft UIInterfaceOrientationLandscapeRight";
				IPHONEOS_DEPLOYMENT_TARGET = 9.0;
				LD_RUNPATH_SEARCH_PATHS = (
					"$(inherited)",
					"@executable_path/Frameworks",
				);
				MARKETING_VERSION = 1.0;
				PRODUCT_BUNDLE_IDENTIFIER = "io.mercuryo.widget.MRCRWidget-Example-Objc.MRCRWidget-Example-Objc";
				PRODUCT_NAME = "$(TARGET_NAME)";
				SWIFT_EMIT_LOC_STRINGS = YES;
				TARGETED_DEVICE_FAMILY = 1;
			};
			name = Release;
		};
/* End XCBuildConfiguration section */

/* Begin XCConfigurationList section */
		8F6A230527B28F7D005F8AC3 /* Build configuration list for PBXProject "MRCRWidget-Example-Objc" */ = {
			isa = XCConfigurationList;
			buildConfigurations = (
				8F6A232127B28F7F005F8AC3 /* Debug */,
				8F6A232227B28F7F005F8AC3 /* Release */,
			);
			defaultConfigurationIsVisible = 0;
			defaultConfigurationName = Release;
		};
		8F6A232327B28F7F005F8AC3 /* Build configuration list for PBXNativeTarget "MRCRWidget-Example-Objc" */ = {
			isa = XCConfigurationList;
			buildConfigurations = (
				8F6A232427B28F7F005F8AC3 /* Debug */,
				8F6A232527B28F7F005F8AC3 /* Release */,
			);
			defaultConfigurationIsVisible = 0;
			defaultConfigurationName = Release;
		};
/* End XCConfigurationList section */
	};
	rootObject = 8F6A230227B28F7D005F8AC3 /* Project object */;
}
